version = 1
revision = 2
requires-python = ">=3.13"

[[package]]
name = "faker"
version = "40.19.1"
source = { registry = "https://pypi.org/simple" }
dependencies = [
    { name = "tzdata", marker = "sys_platform == 'win32'" },
]
sdist = { url = "https://files.pythonhosted.org/packages/15/01/28c8ddae8caaf82c929655000963d83e3f01265a9af34e823c2ef2eee8ac/faker-40.19.1.tar.gz", hash = "sha256:76fa71fd3bf320db25e5504eb356f9a76b8a95cd6098524d006f446035b6b89d", size = 1969318, upload-time = "2026-05-22T15:57:37.433Z" }
wheels = [
    { url = "https://files.pythonhosted.org/packages/49/b4/40a1ec12ec834604f3848143343baf1c67bc9a1096e401907eaa0d25876a/faker-40.19.1-py3-none-any.whl", hash = "sha256:265259b37c013838baaae34940207288170df385d6c5281413fce56a3504d580", size = 2007643, upload-time = "2026-05-22T15:57:35.867Z" },
]

[[package]]
name = "okr-tracker"
version = "0.1.0"
source = { virtual = "." }
dependencies = [
    { name = "faker" },
]

[package.metadata]
requires-dist = [{ name = "faker", specifier = ">=40.19.1" }]

[[package]]
name = "tzdata"
version = "2026.2"
source = { registry = "https://pypi.org/simple" }
sdist = { url = "https://files.pythonhosted.org/packages/ba/19/1b9b0e29f30c6d35cb345486df41110984ea67ae69dddbc0e8a100999493/tzdata-2026.2.tar.gz", hash = "sha256:9173fde7d80d9018e02a662e168e5a2d04f87c41ea174b139fbef642eda62d10", size = 198254, upload-time = "2026-04-24T15:22:08.651Z" }
wheels = [
    { url = "https://files.pythonhosted.org/packages/ce/e4/dccd7f47c4b64213ac01ef921a1337ee6e30e8c6466046018326977efd95/tzdata-2026.2-py2.py3-none-any.whl", hash = "sha256:bbe9af844f658da81a5f95019480da3a89415801f6cc966806612cc7169bffe7", size = 349321, upload-time = "2026-04-24T15:22:05.876Z" },
]
